PODS:
  - Crashlytics (3.10.1):
    - Fabric (~> 1.7.5)
  - Fabric (1.7.5)
  - Kingfisher (4.6.3)

DEPENDENCIES:
  - Crashlytics
  - Fabric
  - Kingfisher

SPEC CHECKSUMS:
  Crashlytics: aee1a064cbbf99b32efa3f056a5f458d846bc8ff
  Fabric: ae7146a5f505ea370a1e44820b4b1dc8890e2890
  Kingfisher: 98e6d5b5e807645743e8ed5ececd25d688d38452

PODFILE CHECKSUM: b145ce76e1dd1d3e9b3dda895989551928f38a8e

COCOAPODS: 1.4.0
